
Microsoft Visual Studio Solution File, Format Version 12.00
# Visual Studio Version 17
VisualStudioVersion = 17.8.34316.72
MinimumVisualStudioVersion = 10.0.40219.1
Project("{FAE04EC0-301F-11D3-BF4B-00C04F79EFBC}") = "Hostel_Management_System", "Hostel_Management_System\Hostel_Management_System.csproj", "{2FC5D792-C678-4CF9-9118-55CFD779AEA6}"
EndProject
Global
	GlobalSection(SolutionConfigurationPlatforms) = preSolution
		Debug|Any CPU = Debug|Any CPU
		Release|Any CPU = Release|Any CPU
	EndGlobalSection
	GlobalSection(ProjectConfigurationPlatforms) = postSolution
		{2FC5D792-C678-4CF9-9118-55CFD779AEA6}.Debug|Any CPU.ActiveCfg = Debug|Any CPU
		{2FC5D792-C678-4CF9-9118-55CFD779AEA6}.Debug|Any CPU.Build.0 = Debug|Any CPU
		{2FC5D792-C678-4CF9-9118-55CFD779AEA6}.Release|Any CPU.ActiveCfg = Release|Any CPU
		{2FC5D792-C678-4CF9-9118-55CFD779AEA6}.Release|Any CPU.Build.0 = Release|Any CPU
	EndGlobalSection
	GlobalSection(SolutionProperties) = preSolution
		HideSolutionNode = FALSE
	EndGlobalSection
	GlobalSection(ExtensibilityGlobals) = postSolution
		SolutionGuid = {D0C168A0-88E2-4B38-95D7-451F92851CF0}
	EndGlobalSection
EndGlobal
